
Microsoft Visual Studio Solution File, Format Version 12.00
# Visual Studio 15
VisualStudioVersion = 15.0.28307.779
MinimumVisualStudioVersion = 10.0.40219.1
Project("{9A19103F-16F7-4668-BE54-9A1E7A4F7556}") = "Pelo.v2.Web", "Pelo.v2.Web\Pelo.v2.Web.csproj", "{DD22BF11-AEA6-430C-B2EC-B198D289F0D0}"
EndProject
Project("{9A19103F-16F7-4668-BE54-9A1E7A4F7556}") = "Pelo.Common", "..\..\Pelo.Common\src\Pelo.Common\Pelo.Common.csproj", "{4B3BADFC-A5A8-40E3-A605-887DF2AB3B1B}"
EndProject
Global
	GlobalSection(SolutionConfigurationPlatforms) = preSolution
		Debug|Any CPU = Debug|Any CPU
		Release|Any CPU = Release|Any CPU
	EndGlobalSection
	GlobalSection(ProjectConfigurationPlatforms) = postSolution
		{DD22BF11-AEA6-430C-B2EC-B198D289F0D0}.Debug|Any CPU.ActiveCfg = Debug|Any CPU
		{DD22BF11-AEA6-430C-B2EC-B198D289F0D0}.Debug|Any CPU.Build.0 = Debug|Any CPU
		{DD22BF11-AEA6-430C-B2EC-B198D289F0D0}.Release|Any CPU.ActiveCfg = Release|Any CPU
		{DD22BF11-AEA6-430C-B2EC-B198D289F0D0}.Release|Any CPU.Build.0 = Release|Any CPU
		{4B3BADFC-A5A8-40E3-A605-887DF2AB3B1B}.Debug|Any CPU.ActiveCfg = Debug|Any CPU
		{4B3BADFC-A5A8-40E3-A605-887DF2AB3B1B}.Debug|Any CPU.Build.0 = Debug|Any CPU
		{4B3BADFC-A5A8-40E3-A605-887DF2AB3B1B}.Release|Any CPU.ActiveCfg = Release|Any CPU
		{4B3BADFC-A5A8-40E3-A605-887DF2AB3B1B}.Release|Any CPU.Build.0 = Release|Any CPU
	EndGlobalSection
	GlobalSection(SolutionProperties) = preSolution
		HideSolutionNode = FALSE
	EndGlobalSection
	GlobalSection(ExtensibilityGlobals) = postSolution
		SolutionGuid = {363B964E-FD3D-4AD2-B43D-4D57A45D6918}
	EndGlobalSection
EndGlobal
