
Microsoft Visual Studio Solution File, Format Version 12.00
# Visual Studio Version 16
VisualStudioVersion = 16.0.29409.12
MinimumVisualStudioVersion = 10.0.40219.1
Project("{FAE04EC0-301F-11D3-BF4B-00C04F79EFBC}") = "Pelo.v2.Web", "Pelo.v2.Web\Pelo.v2.Web.csproj", "{DD22BF11-AEA6-430C-B2EC-B198D289F0D0}"
EndProject
Global
	GlobalSection(SolutionConfigurationPlatforms) = preSolution
		Debug|Any CPU = Debug|Any CPU
		Release|Any CPU = Release|Any CPU
	EndGlobalSection
	GlobalSection(ProjectConfigurationPlatforms) = postSolution
		{DD22BF11-AEA6-430C-B2EC-B198D289F0D0}.Debug|Any CPU.ActiveCfg = Debug|Any CPU
		{DD22BF11-AEA6-430C-B2EC-B198D289F0D0}.Debug|Any CPU.Build.0 = Debug|Any CPU
		{DD22BF11-AEA6-430C-B2EC-B198D289F0D0}.Release|Any CPU.ActiveCfg = Release|Any CPU
		{DD22BF11-AEA6-430C-B2EC-B198D289F0D0}.Release|Any CPU.Build.0 = Release|Any CPU
	EndGlobalSection
	GlobalSection(SolutionProperties) = preSolution
		HideSolutionNode = FALSE
	EndGlobalSection
	GlobalSection(ExtensibilityGlobals) = postSolution
		SolutionGuid = {363B964E-FD3D-4AD2-B43D-4D57A45D6918}
	EndGlobalSection
EndGlobal
